
Microsoft Visual Studio Solution File, Format Version 12.00
# Visual Studio Version 17
VisualStudioVersion = 17.0.32014.148
MinimumVisualStudioVersion = 10.0.40219.1
Project("{FAE04EC0-301F-11D3-BF4B-00C04F79EFBC}") = "ATM-Consol-Final", "ATM-Consol-Final\ATM-Consol-Final.csproj", "{F64773B1-2E4B-4965-B995-8A6B2FF191AD}"
EndProject
Global
	GlobalSection(SolutionConfigurationPlatforms) = preSolution
		Debug|Any CPU = Debug|Any CPU
		Release|Any CPU = Release|Any CPU
	EndGlobalSection
	GlobalSection(ProjectConfigurationPlatforms) = postSolution
		{F64773B1-2E4B-4965-B995-8A6B2FF191AD}.Debug|Any CPU.ActiveCfg = Debug|Any CPU
		{F64773B1-2E4B-4965-B995-8A6B2FF191AD}.Debug|Any CPU.Build.0 = Debug|Any CPU
		{F64773B1-2E4B-4965-B995-8A6B2FF191AD}.Release|Any CPU.ActiveCfg = Release|Any CPU
		{F64773B1-2E4B-4965-B995-8A6B2FF191AD}.Release|Any CPU.Build.0 = Release|Any CPU
	EndGlobalSection
	GlobalSection(SolutionProperties) = preSolution
		HideSolutionNode = FALSE
	EndGlobalSection
	GlobalSection(ExtensibilityGlobals) = postSolution
		SolutionGuid = {C028D90E-1685-409D-8271-DB54ED724ECF}
	EndGlobalSection
EndGlobal
